{
  "_meta": {
      "hash": {
          "sha256": "39783b2f155d10b20b1160e73d50c3679793f57f3d73c6c8878b2a9dc8ab3fa6"
      },
      "pipfile-spec": 6,
      "requires": {
          "python_version": "3.8"
      },
      "sources": [
          {
              "name": "pypi",
              "url": "https://pypi.python.org/simple",
              "verify_ssl": true
          }
      ]
  },
  "default": {
      "carla": {
          "hashes": [
              "sha256:1210cce213e968a644effd4e2e48458a072481459d073424b05725056ba3d77d",
              "sha256:339fcb1e392f3ade1be82b7258de19c533e2efae111e954a6eb174efb296903d",
              "sha256:5f065825ce812343bf27a80a19d647b3200b31b44a9e80cea0340e3bd20cdf81",
              "sha256:954ca34d5bdd4516ceca353db907fee8cec6630d6b31a732b17dd1554e0f0f94",
              "sha256:a64ee78fe91137fa7d4828c7fc06d5824bd7312e29e4ea4f31a5d74dd28bff40",
              "sha256:a95d2d4218ea388c863c66b7c2ab3fe49ffefe53999305cfcb6a8107042f79af",
              "sha256:d2bfaea2d6824a2d758cbe813856c69420494f5c97d2a2dfb45653ccf976f1ce"
          ],
          "index": "pypi",
          "version": "==0.9.13"
      },
      "cycler": {
          "hashes": [
              "sha256:3a27e95f763a428a739d2add979fa7494c912a32c17c4c38c4d5f082cad165a3",
              "sha256:9c87405839a19696e837b3b818fed3f5f69f16f1eec1a1ad77e043dcea9c772f"
          ],
          "version": "==0.11.0"
      },
      "decorator": {
          "hashes": [
              "sha256:637996211036b6385ef91435e4fae22989472f9d571faba8927ba8253acbc330",
              "sha256:b8c3f85900b9dc423225913c5aace94729fe1fa9763b38939a95226f02d37186"
          ],
          "version": "==5.1.1"
      },
      "elementpath": {
          "hashes": [
              "sha256:1738dbcd4d7ac89ac354bc3f7a61c2f4f1a4e439cf43c2c2e4e444fa454268e5",
              "sha256:4b1fc2120d69c126a2d9993ea206c214b4098ded9135318ad382ebfced537619"
          ],
          "version": "==1.3.3"
      },
      "ephem": {
          "hashes": [
              "sha256:095df8ebce8f1d4f9fbcc03f986ff03d17d7d2e092a348bcf70d3c786665f26d",
              "sha256:097c6e89ebc27fabc805e76b4e35282c71772bc97884597ffffcdb41c66642d0",
              "sha256:0dc6e240cacd65820ec39687233d7de1cfd1ff3bf83fd62337831c201cd80d47",
              "sha256:11cfd78f79dbeccb7173cb7c56bc2ae05ecaab06f3eaa56856f823ceac6fbbb1",
              "sha256:12ea07382e6b83d3523031c11bb09b2295efe22baa6720d21330a1abf84f15b9",
              "sha256:14e92281fe852daad9c01b573f09f56a1f2c121172b16028fab8d8790b322fb3",
              "sha256:15172e06381dd49ebbc9bc0987c6fa1f0a36eaac082d28d3a63dd53c5f208d54",
              "sha256:16523b385eaa30dd22b1168934eb0018d7e375a77103ef5897ac6e28b9757de5",
              "sha256:1a2acf37062f16e7d2004734f2a2ebe9913bc6438ef906cf15c775c170371de1",
              "sha256:1cb62859e0b8ea9c4285572a457fdfeffd16345721e97e3320af6b076d0efe32",
              "sha256:24b6935cfacc45edd341fea9d91d23d6308d7170d89c14208a8092e2118124f3",
              "sha256:2b332fdb1e5af07a4389135660baee89de8093e6d527155cfc5c79a60081102d",
              "sha256:36196e8ee79f770493f3aaed4c7ed6d839950371a9199e90cd165d207c252731",
              "sha256:38fb1411e5d9e212b10b952bd3c0bba6c1e1b424d2c22507623cafd1ad5d1678",
              "sha256:3e2de3580e5da21c35842dc904d7dd9469f46d6fd90c7c1159081407c1f7d302",
              "sha256:4404f7c3f9684ede423e22774c28bd105e58c2d11b497ce4a38b33d9173c3c2a",
              "sha256:451ebe0d54a266aacafdfda5ed86e77e94a3fd4d4ebe98cb30c0b8cad3f10119",
              "sha256:4adf44b083367f60aeedb2693aff0598b307321b8f3b20f1e6d7022d0f517a86",
              "sha256:4b0293f478670ba42980b1e2b5d29cc7abea6ac89cfe86467732a988d7a8349b",
              "sha256:4b442afd12eaa44e0b48c1a38b36da52e788fb12ae641fe766afcd63c432944a",
              "sha256:5035680a51ba2531ef6b9c9d35db17f692d0a752cb9ed2d36c6ae2df41db9207",
              "sha256:56d46e37e354b0ff53aa7db6348ffc052b39d1de10958c454d2209f9780f854c",
              "sha256:59af6692282d333011f358dba0aa485f911551a29862e7814f985100cb458f97",
              "sha256:5ab539c12c96397047a64568152393a7b1ef8257d60874826c07e97d71d10366",
              "sha256:63ab03db1050c6f8b8a358c4452f667f7c04719f07ad3583368c80871cbf6fe1",
              "sha256:66b6372ecf711eaec600a665b77c63c7ea405f07c3d17dcb1909837ce38dc697",
              "sha256:6981fcea704bb5a4748bcc081708e35be3a001759ca2bfda4415452cb03796da",
              "sha256:6f42e86df0cae3ca8e1c7c40e9b68da4c6472b22b8e5c8093e7e551077798b17",
              "sha256:716389d59e61199d90d1ab798c920210df3a91786dfe8120bd1e8f1cb94ed58d",
              "sha256:75f46b2356ebaaaf6ffcadd3f91872429397090573313207446ac759a2b6b3f4",
              "sha256:785867b1687332690f457e55b5a7adeb1c6dc4418283cb8821f3099d042916dc",
              "sha256:7cacb482b8332cdb2203ee6c08967d2904f0c15d7a3650c8f5fa21345a9e5d50",
              "sha256:7f93b3b4fb04d8bfe8da8e1610d4a2a0e55d5d6ebc75f570cbe8d0f2af16c8cd",
              "sha256:7fa18685981ba528edd504052a9d5212a09aa5bf15c11a734edc6a86e8a8b56a",
              "sha256:8119a645394d8ba70db330fcd2f21f7c33fd11268792fb58a44a358f9a964741",
              "sha256:8cec1d0b09b201f1ae066703baf7da69eb92bbef40d031e90a4f8b854e25b15d",
              "sha256:930ea6dd158630dead65c5188114c1d9dd50bf751548030c9b1ec87c275aac4e",
              "sha256:998088155eb9262988eea18d31d3e35a4f15b2691f26c8b1c01fae11f7bbd5e0",
              "sha256:9cae55cd50b8a996fc25c2c24ed9755d4ddf5c6adc4215b2887b146db2c83334",
              "sha256:a0c30759ce9d9aeb0ae9895d559cb70dfe2468441976ae2f969a55109991b635",
              "sha256:a76d5328b41f1f44627027adb90a5a094d5d734df2ce8d572a3bcc08662ec27c",
              "sha256:ad727401c249a51d168c8eb21fe689a4a48aff9bd73b30be9b50d96de8b1936d",
              "sha256:b6d850458884baaa8b388c7b16e800b4442e0c5e1c12f70b7e7eb8585e320611",
              "sha256:b704b2a53a216903bd852aa8c91ffeaa2cd854632d7f4bdd49b52f81b3508906",
              "sha256:bba82fe6eb26f69992aab20b410079ea976c926cc27b8708695e2932a152e6d3",
              "sha256:bc3cec17e6dab785c4a8bf3d2b166960009a76f8cba2b85afe97ca9b0e406812",
              "sha256:beabe324957356b1b456301e5e1f7819b20ddf4e60dbf8024d28a1fe75f81508",
              "sha256:c43a4a4b18819c8980e3b0a38754abb16bd6aac7ef2426a489ccd4661a5b0918",
              "sha256:c7120cc6044772d7c8d5d199c95aad6ac0d77fa193d7472c36c5d424471d6ff1",
              "sha256:cf65bfd4753f2aacf5caa1c5b8bcba276b03cb59f13e9f2d9850c93efaf47fa7",
              "sha256:d360b3b06ed691fee6047969391675c994e5f73e64a594a6c493f62e3d98886b",
              "sha256:e5773f39c15c3c5787279a6bccb329366ae61157057aab1d16e4184bb9c03510",
              "sha256:f00626299ba57ca7601095b24f1ca14f13fed4fed96f7bebeb919db836ebe600",
              "sha256:f0bf84810c9a81a23e5640373f3a5028b75a5e3f3c4834de1488664df4bde5f5",
              "sha256:f2e7d52a5cf35c76c2ab5786f4d2001fc8a594c8ac4b343b3be769f4e39fdcb6",
              "sha256:fbf558b4d70991f2a38c80d30b2a0209d0d0b02eed6b1522668f3206e224959a"
          ],
          "index": "pypi",
          "version": "==4.1.3"
      },
      "fonttools": {
          "hashes": [
              "sha256:9a1c52488045cd6c6491fd07711a380f932466e317cb8e016fc4e99dc7eac2f0",
              "sha256:d73f25b283cd8033367451122aa868a23de0734757a01984e4b30b18b9050c72"
          ],
          "version": "==4.34.4"
      },
      "kiwisolver": {
          "hashes": [
              "sha256:02f79693ec433cb4b5f51694e8477ae83b3205768a6fb48ffba60549080e295b",
              "sha256:03baab2d6b4a54ddbb43bba1a3a2d1627e82d205c5cf8f4c924dc49284b87166",
              "sha256:1041feb4cda8708ce73bb4dcb9ce1ccf49d553bf87c3954bdfa46f0c3f77252c",
              "sha256:10ee06759482c78bdb864f4109886dff7b8a56529bc1609d4f1112b93fe6423c",
              "sha256:1d1573129aa0fd901076e2bfb4275a35f5b7aa60fbfb984499d661ec950320b0",
              "sha256:2e407cb4bd5a13984a6c2c0fe1845e4e41e96f183e5e5cd4d77a857d9693494c",
              "sha256:2f5e60fabb7343a836360c4f0919b8cd0d6dbf08ad2ca6b9cf90bf0c76a3c4f6",
              "sha256:3fe20f63c9ecee44560d0e7f116b3a747a5d7203376abeea292ab3152334d004",
              "sha256:41dae968a94b1ef1897cb322b39360a0812661dba7c682aa45098eb8e193dbdf",
              "sha256:4ea39b0ccc4f5d803e3337dd46bcce60b702be4d86fd0b3d7531ef10fd99a1ac",
              "sha256:5bce61af018b0cb2055e0e72e7d65290d822d3feee430b7b8203d8a855e78766",
              "sha256:62ac9cc684da4cf1778d07a89bf5f81b35834cb96ca523d3a7fb32509380cbf6",
              "sha256:7577c1987baa3adc4b3c62c33bd1118c3ef5c8ddef36f0f2c950ae0b199e100d",
              "sha256:75facbe9606748f43428fc91a43edb46c7ff68889b91fa31f53b58894503a191",
              "sha256:787518a6789009c159453da4d6b683f468ef7a65bbde796bcea803ccf191058d",
              "sha256:7c43e1e1206cd421cd92e6b3280d4385d41d7166b3ed577ac20444b6995a445f",
              "sha256:841293b17ad704d70c578f1f0013c890e219952169ce8a24ebc063eecf775454",
              "sha256:8c808594c88a025d4e322d5bb549282c93c8e1ba71b790f539567932722d7bd8",
              "sha256:8ed58b8acf29798b036d347791141767ccf65eee7f26bde03a71c944449e53de",
              "sha256:91672bacaa030f92fc2f43b620d7b337fd9a5af28b0d6ed3f77afc43c4a64b5a",
              "sha256:968f44fdbf6dd757d12920d63b566eeb4d5b395fd2d00d29d7ef00a00582aac9",
              "sha256:a553dadda40fef6bfa1456dc4be49b113aa92c2a9a9e8711e955618cd69622e3",
              "sha256:a68b62a02953b9841730db7797422f983935aeefceb1679f0fc85cbfbd311c32",
              "sha256:abbe9fa13da955feb8202e215c4018f4bb57469b1b78c7a4c5c7b93001699938",
              "sha256:ad881edc7ccb9d65b0224f4e4d05a1e85cf62d73aab798943df6d48ab0cd79a1",
              "sha256:b428ef021242344340460fa4c9185d0b1f66fbdbfecc6c63eff4b7c29fad429d",
              "sha256:b533558eae785e33e8c148a8d9921692a9fe5aa516efbdff8606e7d87b9d5824",
              "sha256:ba59c92039ec0a66103b1d5fe588fa546373587a7d68f5c96f743c3396afc04b",
              "sha256:bc8d3bd6c72b2dd9decf16ce70e20abcb3274ba01b4e1c96031e0c4067d1e7cd",
              "sha256:c79ebe8f3676a4c6630fd3f777f3cfecf9289666c84e775a67d1d358578dc2e3",
              "sha256:c97528e64cb9ebeff9701e7938653a9951922f2a38bd847787d4a8e498cc83ae",
              "sha256:d0611a0a2a518464c05ddd5a3a1a0e856ccc10e67079bb17f265ad19ab3c7597",
              "sha256:d41997519fcba4a1e46eb4a2fe31bc12f0ff957b2b81bac28db24744f333e955",
              "sha256:da152d8cdcab0e56e4f45eb08b9aea6455845ec83172092f09b0e077ece2cf7a",
              "sha256:da7e547706e69e45d95e116e6939488d62174e033b763ab1496b4c29b76fabea",
              "sha256:db5283d90da4174865d520e7366801a93777201e91e79bacbac6e6927cbceede",
              "sha256:e92a513161077b53447160b9bd8f522edfbed4bd9759e4c18ab05d7ef7e49408",
              "sha256:ecb1fa0db7bf4cff9dac752abb19505a233c7f16684c5826d1f11ebd9472b871",
              "sha256:efda5fc8cc1c61e4f639b8067d118e742b812c930f708e6667a5ce0d13499e29",
              "sha256:f0a71d85ecdd570ded8ac3d1c0f480842f49a40beb423bb8014539a9f32a5897",
              "sha256:f4f270de01dd3e129a72efad823da90cc4d6aafb64c410c9033aba70db9f1ff0",
              "sha256:f8ad8285b01b0d4695102546b342b493b3ccc6781fc28c8c6a1bb63e95d22f09",
              "sha256:f9f39e2f049db33a908319cf46624a569b36983c7c78318e9726a4cb8923b26c"
          ],
          "version": "==1.4.4"
      },
      "matplotlib": {
          "hashes": [
              "sha256:0bcdfcb0f976e1bac6721d7d457c17be23cf7501f977b6a38f9d38a3762841f7",
              "sha256:1e64ac9be9da6bfff0a732e62116484b93b02a0b4d4b19934fb4f8e7ad26ad6a",
              "sha256:22227c976ad4dc8c5a5057540421f0d8708c6560744ad2ad638d48e2984e1dbc",
              "sha256:2886cc009f40e2984c083687251821f305d811d38e3df8ded414265e4583f0c5",
              "sha256:2e6d184ebe291b9e8f7e78bbab7987d269c38ea3e062eace1fe7d898042ef804",
              "sha256:3211ba82b9f1518d346f6309df137b50c3dc4421b4ed4815d1d7eadc617f45a1",
              "sha256:339cac48b80ddbc8bfd05daae0a3a73414651a8596904c2a881cfd1edb65f26c",
              "sha256:35a8ad4dddebd51f94c5d24bec689ec0ec66173bf614374a1244c6241c1595e0",
              "sha256:3b4fa56159dc3c7f9250df88f653f085068bcd32dcd38e479bba58909254af7f",
              "sha256:43e9d3fa077bf0cc95ded13d331d2156f9973dce17c6f0c8b49ccd57af94dbd9",
              "sha256:57f1b4e69f438a99bb64d7f2c340db1b096b41ebaa515cf61ea72624279220ce",
              "sha256:5c096363b206a3caf43773abebdbb5a23ea13faef71d701b21a9c27fdcef72f4",
              "sha256:6bb93a0492d68461bd458eba878f52fdc8ac7bdb6c4acdfe43dba684787838c2",
              "sha256:6ea6aef5c4338e58d8d376068e28f80a24f54e69f09479d1c90b7172bad9f25b",
              "sha256:6fe807e8a22620b4cd95cfbc795ba310dc80151d43b037257250faf0bfcd82bc",
              "sha256:73dd93dc35c85dece610cca8358003bf0760d7986f70b223e2306b4ea6d1406b",
              "sha256:839d47b8ead7ad9669aaacdbc03f29656dc21f0d41a6fea2d473d856c39c8b1c",
              "sha256:874df7505ba820e0400e7091199decf3ff1fde0583652120c50cd60d5820ca9a",
              "sha256:879c7e5fce4939c6aa04581dfe08d57eb6102a71f2e202e3314d5fbc072fd5a0",
              "sha256:94ff86af56a3869a4ae26a9637a849effd7643858a1a04dd5ee50e9ab75069a7",
              "sha256:99482b83ebf4eb6d5fc6813d7aacdefdd480f0d9c0b52dcf9f1cc3b2c4b3361a",
              "sha256:9ab29589cef03bc88acfa3a1490359000c18186fc30374d8aa77d33cc4a51a4a",
              "sha256:9befa5954cdbc085e37d974ff6053da269474177921dd61facdad8023c4aeb51",
              "sha256:a206a1b762b39398efea838f528b3a6d60cdb26fe9d58b48265787e29cd1d693",
              "sha256:ab8d26f07fe64f6f6736d635cce7bfd7f625320490ed5bfc347f2cdb4fae0e56",
              "sha256:b28de401d928890187c589036857a270a032961411934bdac4cf12dde3d43094",
              "sha256:b428076a55fb1c084c76cb93e68006f27d247169f056412607c5c88828d08f88",
              "sha256:bf618a825deb6205f015df6dfe6167a5d9b351203b03fab82043ae1d30f16511",
              "sha256:c995f7d9568f18b5db131ab124c64e51b6820a92d10246d4f2b3f3a66698a15b",
              "sha256:cd45a6f3e93a780185f70f05cf2a383daed13c3489233faad83e81720f7ede24",
              "sha256:d2484b350bf3d32cae43f85dcfc89b3ed7bd2bcd781ef351f93eb6fb2cc483f9",
              "sha256:d62880e1f60e5a30a2a8484432bcb3a5056969dc97258d7326ad465feb7ae069",
              "sha256:dacddf5bfcec60e3f26ec5c0ae3d0274853a258b6c3fc5ef2f06a8eb23e042be",
              "sha256:f3840c280ebc87a48488a46f760ea1c0c0c83fcf7abbe2e6baf99d033fd35fd8",
              "sha256:f814504e459c68118bf2246a530ed953ebd18213dc20e3da524174d84ed010b2"
          ],
          "index": "pypi",
          "version": "==3.5.3"
      },
      "networkx": {
          "hashes": [
              "sha256:45e56f7ab6fe81652fb4bc9f44faddb0e9025f469f602df14e3b2551c2ea5c8b"
          ],
          "index": "pypi",
          "version": "==2.2"
      },
      "numpy": {
          "hashes": [
              "sha256:1408c3527a74a0209c781ac82bde2182b0f0bf54dea6e6a363fe0cc4488a7ce7",
              "sha256:173f28921b15d341afadf6c3898a34f20a0569e4ad5435297ba262ee8941e77b",
              "sha256:1865fdf51446839ca3fffaab172461f2b781163f6f395f1aed256b1ddc253622",
              "sha256:3119daed207e9410eaf57dcf9591fdc68045f60483d94956bee0bfdcba790953",
              "sha256:35590b9c33c0f1c9732b3231bb6a72d1e4f77872390c47d50a615686ae7ed3fd",
              "sha256:37e5ebebb0eb54c5b4a9b04e6f3018e16b8ef257d26c8945925ba8105008e645",
              "sha256:37ece2bd095e9781a7156852e43d18044fd0d742934833335599c583618181b9",
              "sha256:3ab67966c8d45d55a2bdf40701536af6443763907086c0a6d1232688e27e5447",
              "sha256:47f10ab202fe4d8495ff484b5561c65dd59177949ca07975663f4494f7269e3e",
              "sha256:55df0f7483b822855af67e38fb3a526e787adf189383b4934305565d71c4b148",
              "sha256:5d732d17b8a9061540a10fda5bfeabca5785700ab5469a5e9b93aca5e2d3a5fb",
              "sha256:68b69f52e6545af010b76516f5daaef6173e73353e3295c5cb9f96c35d755641",
              "sha256:7e8229f3687cdadba2c4faef39204feb51ef7c1a9b669247d49a24f3e2e1617c",
              "sha256:8002574a6b46ac3b5739a003b5233376aeac5163e5dcd43dd7ad062f3e186129",
              "sha256:876f60de09734fbcb4e27a97c9a286b51284df1326b1ac5f1bf0ad3678236b22",
              "sha256:9ce242162015b7e88092dccd0e854548c0926b75c7924a3495e02c6067aba1f5",
              "sha256:a35c4e64dfca659fe4d0f1421fc0f05b8ed1ca8c46fb73d9e5a7f175f85696bb",
              "sha256:aeba539285dcf0a1ba755945865ec61240ede5432df41d6e29fab305f4384db2",
              "sha256:b15c3f1ed08df4980e02cc79ee058b788a3d0bef2fb3c9ca90bb8cbd5b8a3a04",
              "sha256:c2f91f88230042a130ceb1b496932aa717dcbd665350beb821534c5c7e15881c",
              "sha256:d748ef349bfef2e1194b59da37ed5a29c19ea8d7e6342019921ba2ba4fd8b624",
              "sha256:e0d7447679ae9a7124385ccf0ea990bb85bb869cef217e2ea6c844b6a6855073"
          ],
          "index": "pypi",
          "version": "==1.23.1"
      },
      "opencv-python": {
          "hashes": [
              "sha256:0f2e739c582e8c5e432130648bc6d66a56bc65f4cd9ff0bc7033033d2130c7a3",
              "sha256:0f3d159ad6cb9cbd188c726f87485f0799a067a0a15f34c25d7b5c8db3cb2e50",
              "sha256:167a6aff9bd124a3a67e0ec25d0da5ecdc8d96a56405e3e5e7d586c4105eb1bb",
              "sha256:1b90d50bc7a31e9573a8da1b80fcd1e4d9c86c0e5f76387858e1b87eb8b0332b",
              "sha256:2baf1213ae2fd678991f905d7b2b94eddfdfb5f75757db0f0b31eebd48ca200d",
              "sha256:312dda54c7e809c20d7409418060ae0e9cdbe82975e7ced429eb3c234ffc0d4a",
              "sha256:32384e675f7cefe707cac40a95eeb142d6869065e39c5500374116297cd8ca6d",
              "sha256:5c50634dd8f2f866fd99fd939292ce10e52bef82804ebc4e7f915221c3b7e951",
              "sha256:6841bb9cc24751dbdf94e7eefc4e6d70ec297952501954471299fd12ab67391c",
              "sha256:68c1c846dd267cd7e293d3fc0bb238db0a744aa1f2e721e327598f00cb982098",
              "sha256:703910aaa1dcd25a412f78a190fb7a352d9a64ee7d9a35566d786f3cc66ebf20",
              "sha256:8002959146ed21959e3118c60c8e94ceac02eea15b691da6c62cff4787c63f7f",
              "sha256:889eef049d38488b5b4646c48a831feed37c0fd44f3d83c05cff80f4baded145",
              "sha256:8c76983c9ec3e4cf3a4c1d172ec4285332d9fb1c7194d724aff0c518437471ee",
              "sha256:9cd9bd72f4a9743ef6f11f0f96784bd215a542e996db1717d4c2d3d03eb81a1b",
              "sha256:a1a5517301dc8d56243a14253d231ec755b94486b4fff2ae68269bc941bb1f2e",
              "sha256:a2b08aec2eacae868723136383d9eb84a33062a7a7ec5ec3bd2c423bd1355946",
              "sha256:a8529a79233f3581a66984acd16bce52ab0163f6f77568dd69e9ee4956d2e1db",
              "sha256:afbc81a3870739610a9f9a1197374d6a45892cf1933c90fc5617d39790991ed3",
              "sha256:baeb5dd8b21c718580687f5b4efd03f8139b1c56239cdf6b9805c6946e80f268",
              "sha256:db1d49b753e6e6c76585f21d09c7e9812176732baa9bddb64bc2fc6cd24d4179",
              "sha256:e242ed419aeb2488e0f9ee6410a34917f0f8d62b3ae96aa3170d83bae75004e2",
              "sha256:e36a8857be2c849e54009f1bee25e8c34fbc683fcd38c6c700af4cba5f8d57c2",
              "sha256:e699232fd033ef0053efec2cba0a7505514f374ba7b18c732a77cb5304311ef9",
              "sha256:eae3da9231d87980f8082d181c276a04f7a6fdac130cebd467390b96dd05f944",
              "sha256:ee6814c94dbf1cae569302afef9dd29efafc52373e8770ded0db549a3b6e0c00",
              "sha256:f01a87a015227d8af407161eb48222fc3c8b01661cdc841e2b86eee4f1a7a417"
          ],
          "index": "pypi",
          "version": "==4.2.0.32"
      },
      "packaging": {
          "hashes": [
              "sha256:dd47c42927d89ab911e606518907cc2d3a1f38bbd026385970643f9c5b8ecfeb",
              "sha256:ef103e05f519cdc783ae24ea4e2e0f508a9c99b2d4969652eed6a2e1ea5bd522"
          ],
          "version": "==21.3"
      },
      "pillow": {
          "hashes": [
              "sha256:0030fdbd926fb85844b8b92e2f9449ba89607231d3dd597a21ae72dc7fe26927",
              "sha256:030e3460861488e249731c3e7ab59b07c7853838ff3b8e16aac9561bb345da14",
              "sha256:0ed2c4ef2451de908c90436d6e8092e13a43992f1860275b4d8082667fbb2ffc",
              "sha256:136659638f61a251e8ed3b331fc6ccd124590eeff539de57c5f80ef3a9594e58",
              "sha256:13b725463f32df1bfeacbf3dd197fb358ae8ebcd8c5548faa75126ea425ccb60",
              "sha256:1536ad017a9f789430fb6b8be8bf99d2f214c76502becc196c6f2d9a75b01b76",
              "sha256:15928f824870535c85dbf949c09d6ae7d3d6ac2d6efec80f3227f73eefba741c",
              "sha256:17d4cafe22f050b46d983b71c707162d63d796a1235cdf8b9d7a112e97b15bac",
              "sha256:1802f34298f5ba11d55e5bb09c31997dc0c6aed919658dfdf0198a2fe75d5490",
              "sha256:1cc1d2451e8a3b4bfdb9caf745b58e6c7a77d2e469159b0d527a4554d73694d1",
              "sha256:1fd6f5e3c0e4697fa7eb45b6e93996299f3feee73a3175fa451f49a74d092b9f",
              "sha256:254164c57bab4b459f14c64e93df11eff5ded575192c294a0c49270f22c5d93d",
              "sha256:2ad0d4df0f5ef2247e27fc790d5c9b5a0af8ade9ba340db4a73bb1a4a3e5fb4f",
              "sha256:2c58b24e3a63efd22554c676d81b0e57f80e0a7d3a5874a7e14ce90ec40d3069",
              "sha256:2d33a11f601213dcd5718109c09a52c2a1c893e7461f0be2d6febc2879ec2402",
              "sha256:337a74fd2f291c607d220c793a8135273c4c2ab001b03e601c36766005f36885",
              "sha256:37ff6b522a26d0538b753f0b4e8e164fdada12db6c6f00f62145d732d8a3152e",
              "sha256:3d1f14f5f691f55e1b47f824ca4fdcb4b19b4323fe43cc7bb105988cad7496be",
              "sha256:408673ed75594933714482501fe97e055a42996087eeca7e5d06e33218d05aa8",
              "sha256:4134d3f1ba5f15027ff5c04296f13328fecd46921424084516bdb1b2548e66ff",
              "sha256:4ad2f835e0ad81d1689f1b7e3fbac7b01bb8777d5a985c8962bedee0cc6d43da",
              "sha256:50dff9cc21826d2977ef2d2a205504034e3a4563ca6f5db739b0d1026658e004",
              "sha256:510cef4a3f401c246cfd8227b300828715dd055463cdca6176c2e4036df8bd4f",
              "sha256:5aed7dde98403cd91d86a1115c78d8145c83078e864c1de1064f52e6feb61b20",
              "sha256:69bd1a15d7ba3694631e00df8de65a8cb031911ca11f44929c97fe05eb9b6c1d",
              "sha256:6bf088c1ce160f50ea40764f825ec9b72ed9da25346216b91361eef8ad1b8f8c",
              "sha256:6e8c66f70fb539301e064f6478d7453e820d8a2c631da948a23384865cd95544",
              "sha256:727dd1389bc5cb9827cbd1f9d40d2c2a1a0c9b32dd2261db522d22a604a6eec9",
              "sha256:74a04183e6e64930b667d321524e3c5361094bb4af9083db5c301db64cd341f3",
              "sha256:75e636fd3e0fb872693f23ccb8a5ff2cd578801251f3a4f6854c6a5d437d3c04",
              "sha256:7761afe0126d046974a01e030ae7529ed0ca6a196de3ec6937c11df0df1bc91c",
              "sha256:7888310f6214f19ab2b6df90f3f06afa3df7ef7355fc025e78a3044737fab1f5",
              "sha256:7b0554af24df2bf96618dac71ddada02420f946be943b181108cac55a7a2dcd4",
              "sha256:7c7b502bc34f6e32ba022b4a209638f9e097d7a9098104ae420eb8186217ebbb",
              "sha256:808add66ea764ed97d44dda1ac4f2cfec4c1867d9efb16a33d158be79f32b8a4",
              "sha256:831e648102c82f152e14c1a0938689dbb22480c548c8d4b8b248b3e50967b88c",
              "sha256:93689632949aff41199090eff5474f3990b6823404e45d66a5d44304e9cdc467",
              "sha256:96b5e6874431df16aee0c1ba237574cb6dff1dcb173798faa6a9d8b399a05d0e",
              "sha256:9a54614049a18a2d6fe156e68e188da02a046a4a93cf24f373bffd977e943421",
              "sha256:a138441e95562b3c078746a22f8fca8ff1c22c014f856278bdbdd89ca36cff1b",
              "sha256:a647c0d4478b995c5e54615a2e5360ccedd2f85e70ab57fbe817ca613d5e63b8",
              "sha256:a9c9bc489f8ab30906d7a85afac4b4944a572a7432e00698a7239f44a44e6efb",
              "sha256:ad2277b185ebce47a63f4dc6302e30f05762b688f8dc3de55dbae4651872cdf3",
              "sha256:b6d5e92df2b77665e07ddb2e4dbd6d644b78e4c0d2e9272a852627cdba0d75cf",
              "sha256:bc431b065722a5ad1dfb4df354fb9333b7a582a5ee39a90e6ffff688d72f27a1",
              "sha256:bdd0de2d64688ecae88dd8935012c4a72681e5df632af903a1dca8c5e7aa871a",
              "sha256:c79698d4cd9318d9481d89a77e2d3fcaeff5486be641e60a4b49f3d2ecca4e28",
              "sha256:cb6259196a589123d755380b65127ddc60f4c64b21fc3bb46ce3a6ea663659b0",
              "sha256:d5b87da55a08acb586bad5c3aa3b86505f559b84f39035b233d5bf844b0834b1",
              "sha256:dcd7b9c7139dc8258d164b55696ecd16c04607f1cc33ba7af86613881ffe4ac8",
              "sha256:dfe4c1fedfde4e2fbc009d5ad420647f7730d719786388b7de0999bf32c0d9fd",
              "sha256:ea98f633d45f7e815db648fd7ff0f19e328302ac36427343e4432c84432e7ff4",
              "sha256:ec52c351b35ca269cb1f8069d610fc45c5bd38c3e91f9ab4cbbf0aebc136d9c8",
              "sha256:eef7592281f7c174d3d6cbfbb7ee5984a671fcd77e3fc78e973d492e9bf0eb3f",
              "sha256:f07f1f00e22b231dd3d9b9208692042e29792d6bd4f6639415d2f23158a80013",
              "sha256:f3fac744f9b540148fa7715a435d2283b71f68bfb6d4aae24482a890aed18b59",
              "sha256:fa768eff5f9f958270b081bb33581b4b569faabf8774726b283edb06617101dc",
              "sha256:fac2d65901fb0fdf20363fbd345c01958a742f2dc62a8dd4495af66e3ff502a4"
          ],
          "version": "==9.2.0"
      },
      "psutil": {
          "hashes": [
              "sha256:068935df39055bf27a29824b95c801c7a5130f118b806eee663cad28dca97685",
              "sha256:0904727e0b0a038830b019551cf3204dd48ef5c6868adc776e06e93d615fc5fc",
              "sha256:0f15a19a05f39a09327345bc279c1ba4a8cfb0172cc0d3c7f7d16c813b2e7d36",
              "sha256:19f36c16012ba9cfc742604df189f2f28d2720e23ff7d1e81602dbe066be9fd1",
              "sha256:20b27771b077dcaa0de1de3ad52d22538fe101f9946d6dc7869e6f694f079329",
              "sha256:28976df6c64ddd6320d281128817f32c29b539a52bdae5e192537bc338a9ec81",
              "sha256:29a442e25fab1f4d05e2655bb1b8ab6887981838d22effa2396d584b740194de",
              "sha256:3054e923204b8e9c23a55b23b6df73a8089ae1d075cb0bf711d3e9da1724ded4",
              "sha256:32c52611756096ae91f5d1499fe6c53b86f4a9ada147ee42db4991ba1520e574",
              "sha256:3a76ad658641172d9c6e593de6fe248ddde825b5866464c3b2ee26c35da9d237",
              "sha256:44d1826150d49ffd62035785a9e2c56afcea66e55b43b8b630d7706276e87f22",
              "sha256:4b6750a73a9c4a4e689490ccb862d53c7b976a2a35c4e1846d049dcc3f17d83b",
              "sha256:56960b9e8edcca1456f8c86a196f0c3d8e3e361320071c93378d41445ffd28b0",
              "sha256:57f1819b5d9e95cdfb0c881a8a5b7d542ed0b7c522d575706a80bedc848c8954",
              "sha256:58678bbadae12e0db55186dc58f2888839228ac9f41cc7848853539b70490021",
              "sha256:645bd4f7bb5b8633803e0b6746ff1628724668681a434482546887d22c7a9537",
              "sha256:799759d809c31aab5fe4579e50addf84565e71c1dc9f1c31258f159ff70d3f87",
              "sha256:79c9108d9aa7fa6fba6e668b61b82facc067a6b81517cab34d07a84aa89f3df0",
              "sha256:91c7ff2a40c373d0cc9121d54bc5f31c4fa09c346528e6a08d1845bce5771ffc",
              "sha256:9272167b5f5fbfe16945be3db475b3ce8d792386907e673a209da686176552af",
              "sha256:944c4b4b82dc4a1b805329c980f270f170fdc9945464223f2ec8e57563139cf4",
              "sha256:a6a11e48cb93a5fa606306493f439b4aa7c56cb03fc9ace7f6bfa21aaf07c453",
              "sha256:a8746bfe4e8f659528c5c7e9af5090c5a7d252f32b2e859c584ef7d8efb1e689",
              "sha256:abd9246e4cdd5b554a2ddd97c157e292ac11ef3e7af25ac56b08b455c829dca8",
              "sha256:b14ee12da9338f5e5b3a3ef7ca58b3cba30f5b66f7662159762932e6d0b8f680",
              "sha256:b88f75005586131276634027f4219d06e0561292be8bd6bc7f2f00bdabd63c4e",
              "sha256:c7be9d7f5b0d206f0bbc3794b8e16fb7dbc53ec9e40bbe8787c6f2d38efcf6c9",
              "sha256:d2d006286fbcb60f0b391741f520862e9b69f4019b4d738a2a45728c7e952f1b",
              "sha256:db417f0865f90bdc07fa30e1aadc69b6f4cad7f86324b02aa842034efe8d8c4d",
              "sha256:e7e10454cb1ab62cc6ce776e1c135a64045a11ec4c6d254d3f7689c16eb3efd2",
              "sha256:f65f9a46d984b8cd9b3750c2bdb419b2996895b005aefa6cbaba9a143b1ce2c5",
              "sha256:fea896b54f3a4ae6f790ac1d017101252c93f6fe075d0e7571543510f11d2676"
          ],
          "index": "pypi",
          "version": "==5.9.1"
      },
      "py-trees": {
          "hashes": [
              "sha256:4cb2e1b93251ba15e10395f6c24b5f5af55aa0ad38a6aa9a014b4e5270e5d16c",
              "sha256:679e0c22d8854759180a9c4f43f8c4c87479d5314206894a230f75869c822c91"
          ],
          "index": "pypi",
          "version": "==0.8.3"
      },
      "pydot": {
          "hashes": [
              "sha256:248081a39bcb56784deb018977e428605c1c758f10897a339fce1dd728ff007d",
              "sha256:66c98190c65b8d2e2382a441b4c0edfdb4f4c025ef9cb9874de478fb0793a451"
          ],
          "version": "==1.4.2"
      },
      "pygame": {
          "hashes": [
              "sha256:0427c103f741234336e5606d2fad86f5403c1a3d1dc55c309fbff3c984f0c9ae",
              "sha256:07ca9f683075aea9bd977af9f09a720ebf747343d3ea8103e4f1735283b02330",
              "sha256:0e06ae8e1c830f1b9c36a2bc6bb11de840232e95b78e2c349c6ed803a303be19",
              "sha256:0e97d38308c441942577fea7fcd1326308bc56d6be6c024218e94d075d322e0f",
              "sha256:119dee20c372c85dc47b717119534d15a60c64ceab8b0eb09278866d10486afe",
              "sha256:1219a963941bd53aa754e8449364c142004fe706c33a9c22ff2a76521a82d078",
              "sha256:1fddec8829e96424800c806582d73a5173b7d48946cccf7d035839ca09850db8",
              "sha256:20676da24e3e3e6b9fc4eecc7ba09d77ef46c3a83a028763ba1d222476c2e3fb",
              "sha256:2405414d8c572668e04739875661e030a0c588e197fa95463fe301c3d0a0510b",
              "sha256:24254c4244f0d9bdc904f5d3f38e86757ca4c6aa0e44a6d55ef5e016bc7274d6",
              "sha256:24b4f7f30fa2b3d092b60be6fcc725fb91d569fc87a9bcc91614ee8b0c005726",
              "sha256:3bb0674aa789848ddc264bfc60c54965bf3bb659c141de4f600e379acc9b944c",
              "sha256:3c8d6637ff75351e581327efefa9d04eeb0f257b533392b6cc6b15ceca4f7c5e",
              "sha256:40e4d8d65985bb467d9c5a1305fb53fd6820c61d764979600becab973339676f",
              "sha256:4aa3ae32320cc704d63e185864e44f6265c2a6e52c9384afe152cc3d51b3a2ef",
              "sha256:50d9a21edd551669862c27c9272747401b20b1939abaacb842c08ea1cdd1c04d",
              "sha256:5c7600bf307de1ca1dca0cc7840e34604d5b0b0a5a5dad345c3fa62b054b886d",
              "sha256:5d0c14152d0ca8ef5fbcc5ed9981462bdf59a9ae85a291e62d8a8d0b7e5cbe43",
              "sha256:5e88b0d4338b94960686f59396f23f7f684fed4859fcc3b9f40286d72c1c61af",
              "sha256:5ebbefb8b576572c8fc97a3321d37dc2b4afea6b6e3877a67f7158d8c2c4cefe",
              "sha256:636f51f56615d67459b11918206bb4da30cd7d7042027bf997c218ccd6c77902",
              "sha256:660c80c0b2e80f1f801715583b759fb4c7bc0c11eb3b534e89c9fc4bfbc38acd",
              "sha256:6ecda8dd4583982bb65f9c682f244a5e94524dcf628379766227e9ed97201a49",
              "sha256:754c2906f2ef47173a14493e1de116b2a56a2c8e1764f1202ba844d080248a5b",
              "sha256:7889dce887ec83c9a0bef8d9eb3669d8863fdaf37c45bacec707d8ad90b24a38",
              "sha256:7fdb93b4282962c9a2ebf1af994ee698be823dd913218ed97a5f2fb372b10b66",
              "sha256:8e87716114e97322fb177e223d889a4be369a0f73212f4f8507fe0cd43253b23",
              "sha256:93c4cbfc942dd00410eaa9e84252129f9f9993f37f683006d7b49ab245342254",
              "sha256:9649419254d3282dae41f23837de4108b17bc62187c3acd8af2ae3801b765cbd",
              "sha256:97a74ba186deee68318a52637012ef6abf5be6282c659e1d1ba6ad08cf35ec85",
              "sha256:9d6452419e01a0f848aed0597f69fd10a4c2a7750c15d1b0607f86090a39dcf3",
              "sha256:9d7b021b8dde5d528363e474bc18bd6f79a9666eef89fb4859bcb8f0a536c9de",
              "sha256:a0ccf8e3dce7ca67d523a6020b7e3dbf4b26797a9a8db5cc4c7b5ef20fb64701",
              "sha256:a56a811d8821f7b9a594e3d0e0dd8bd39b25e3eea8963d5963263b90fd2ea5c2",
              "sha256:c5ea87da5fe4b6164c3854f3b0c9146811dbad0dd7fa74297683dfacc485ae1c",
              "sha256:c99b95e62cdda29c2e60235d7763447c168a6a877403e6f9ca5b2e2bb297c2ce",
              "sha256:c9ce7f3d8af14d7e04eb7eb41c5e5313c43508c252bb2b9eb53e51fc87ada9fd",
              "sha256:ca5ef1315fa67c241a657ab077be44f230c05740c95f0b46409457dceefdc7e5",
              "sha256:d2d3c50ee9847b743db6cd7b1bb17a94c2c2abc16679d70f5e745cabdf19e655",
              "sha256:d6d0eca28f886f0477cd0721ac688189155a587f2bb8eae740e52ca56c3ad23c",
              "sha256:dad6bf3fdd3752d7519422f3732be779b98fe7c87d32c3efe2fdffdcbeebb6ca",
              "sha256:db2f40d5a75fd9cdda473c58b0d8b294da6e0179f00bb3b1fc2f7f29cac09bea",
              "sha256:dc4444d61d48c5546df5137cdf81554887ddb6e2ef1be7f51eb77ea3b6bdd56f",
              "sha256:dcc285ee1f1d0e2672cc52f880fd3f564b1505de710e817f692fbf64a72ca657",
              "sha256:dd528dbb91eca16f7522c975d0f9e94b95f6b5024c82c3247dc0383d242d33c6",
              "sha256:e09044e9e1aa8512d6a9c7ce5f94b881824bcfc401105f3c24f546dfc3bb4aa5",
              "sha256:e18c9466131378421d00fc40b637425229238d506a073d9c537b230b355a25d6",
              "sha256:e1bb25986db77a48f632469c6bc61baf7508ce945aa6161c02180d4ee5ac5b8d",
              "sha256:e4b4cd440d50a9f8551b8989e856aab175593af07eb825cad22fd2f8f6f2ffce",
              "sha256:e627300a66a90651fb39e41601d447b1fdbbfffca3f08ef0278d6cc0436b2160",
              "sha256:e7a8e18677e0064b7a422f6653a622652d932826a27e50f279d55a8b122a1a83",
              "sha256:e8632f6b2ddb90f6f3950744bd65d5ef15af615e3034057fa30ff836f48a7179",
              "sha256:ea36f4f93524554a35cac2359df63b50af6556ed866830aa1f07f0d8580280ea",
              "sha256:f149e182d0eeef15d8a9b4c9dad1b87dc6eba3a99bd3c44a777a3a2b053a3dca",
              "sha256:fc2e5db54491e8f27785fc5204c96f540d3557dcf5b0a9a857b6594d6b32561b",
              "sha256:fc30e834f65b893d1b4c230070183bf98e6b70c41c1511687e8436a33d5ce49d",
              "sha256:fcc9586e17875c0cdf8764597955f9daa979098fd4f80be07ed68276ac225480",
              "sha256:ff961c3280d6ee5f4163f4772f963d7a4dbe42e36c6dd54b79ad436c1f046e5d"
          ],
          "index": "pypi",
          "version": "==2.1.2"
      },
      "pyparsing": {
          "hashes": [
              "sha256:2b020ecf7d21b687f219b71ecad3631f644a47f01403fa1d1036b0c6416d70fb",
              "sha256:5026bae9a10eeaefb61dab2f09052b9f4307d44aee4eda64b309723d8d206bbc"
          ],
          "version": "==3.0.9"
      },
      "python-dateutil": {
          "hashes": [
              "sha256:0123cacc1627ae19ddf3c27a5de5bd67ee4586fbdd6440d9748f8abb483d3e86",
              "sha256:961d03dc3453ebbc59dbdea9e4e11c5651520a876d0f4db161e8674aae935da9"
          ],
          "version": "==2.8.2"
      },
      "shapely": {
          "hashes": [
              "sha256:052eb5b9ba756808a7825e8a8020fb146ec489dd5c919e7d139014775411e688",
              "sha256:1641724c1055459a7e2b8bbe47ba25bdc89554582e62aec23cb3f3ca25f9b129",
              "sha256:17df66e87d0fe0193910aeaa938c99f0b04f67b430edb8adae01e7be557b141b",
              "sha256:182716ffb500d114b5d1b75d7fd9d14b7d3414cef3c38c0490534cc9ce20981a",
              "sha256:2df5260d0f2983309776cb41bfa85c464ec07018d88c0ecfca23d40bfadae2f1",
              "sha256:35be1c5d869966569d3dfd4ec31832d7c780e9df760e1fe52131105685941891",
              "sha256:46da0ea527da9cf9503e66c18bab6981c5556859e518fe71578b47126e54ca93",
              "sha256:4c10f317e379cc404f8fc510cd9982d5d3e7ba13a9cfd39aa251d894c6366798",
              "sha256:4f3c59f6dbf86a9fc293546de492f5e07344e045f9333f3a753f2dda903c45d1",
              "sha256:60e5b2282619249dbe8dc5266d781cc7d7fb1b27fa49f8241f2167672ad26719",
              "sha256:617bf046a6861d7c6b44d2d9cb9e2311548638e684c2cd071d8945f24a926263",
              "sha256:6593026cd3f5daaea12bcc51ae5c979318070fefee210e7990cb8ac2364e79a1",
              "sha256:6871acba8fbe744efa4f9f34e726d070bfbf9bffb356a8f6d64557846324232b",
              "sha256:791477edb422692e7dc351c5ed6530eb0e949a31b45569946619a0d9cd5f53cb",
              "sha256:8e7659dd994792a0aad8fb80439f59055a21163e236faf2f9823beb63a380e19",
              "sha256:8f15b6ce67dcc05b61f19c689b60f3fe58550ba994290ff8332f711f5aaa9840",
              "sha256:90a3e2ae0d6d7d50ff2370ba168fbd416a53e7d8448410758c5d6a5920646c1d",
              "sha256:a3774516c8a83abfd1ddffb8b6ec1b0935d7fe6ea0ff5c31a18bfdae567b4eba",
              "sha256:a5c3a50d823c192f32615a2a6920e8c046b09e07a58eba220407335a9cd2e8ea",
              "sha256:b40cc7bb089ae4aa9ddba1db900b4cd1bce3925d2a4b5837b639e49de054784f",
              "sha256:da38ed3d65b8091447dc3717e5218cc336d20303b77b0634b261bc5c1aa2bae8",
              "sha256:de618e67b64a51a0768d26a9963ecd7d338a2cf6e9e7582d2385f88ad005b3d1",
              "sha256:e3afccf0437edc108eef1e2bb9cc4c7073e7705924eb4cd0bf7715cd1ef0ce1b"
          ],
          "index": "pypi",
          "version": "==1.7.1"
      },
      "simple-watchdog-timer": {
          "hashes": [
              "sha256:5d5b3e366cfcc1d82146a4f8237e49463a59cc8ccac5542edc1b26cd760310f2"
          ],
          "index": "pypi",
          "version": "==0.1.1"
      },
      "six": {
          "hashes": [
              "sha256:1e61c37477a1626458e36f7b1d82aa5c9b094fa4802892072e49de9c60c4c926",
              "sha256:8abb2f1d86890a2dfb989f9a77cfcfd3e47c2a354b01111771326f8aa26e0254"
          ],
          "index": "pypi",
          "version": "==1.16.0"
      },
      "tabulate": {
          "hashes": [
              "sha256:0ba055423dbaa164b9e456abe7920c5e8ed33fcc16f6d1b2f2d152c8e1e8b4fc",
              "sha256:436f1c768b424654fce8597290d2764def1eea6a77cfa5c33be00b1bc0f4f63d",
              "sha256:6c57f3f3dd7ac2782770155f3adb2db0b1a269637e42f27599925e64b114f519"
          ],
          "index": "pypi",
          "version": "==0.8.10"
      },
      "xmlschema": {
          "hashes": [
              "sha256:3e831730f9b73de196ff83d86349be720ca2f69ddfe5e47a820a8f7632c7dcc6",
              "sha256:4082a2053ad23ac0ac5e0d3a09b6c90d309622bcf1c720790c90277cc3a2bc50"
          ],
          "index": "pypi",
          "version": "==1.0.18"
      }
  },
  "develop": {}
}
